
Microsoft Visual Studio Solution File, Format Version 12.00
# Visual Studio Version 17
VisualStudioVersion = 17.5.33627.172
MinimumVisualStudioVersion = 10.0.40219.1
Project("{FAE04EC0-301F-11D3-BF4B-00C04F79EFBC}") = "D5a1", "D5a1\D5a1.csproj", "{B0A1C16C-91F5-4A4C-8E3F-4B72A6F0B9D9}"
EndProject
Global
	GlobalSection(SolutionConfigurationPlatforms) = preSolution
		Debug|Any CPU = Debug|Any CPU
		Release|Any CPU = Release|Any CPU
	EndGlobalSection
	GlobalSection(ProjectConfigurationPlatforms) = postSolution
		{B0A1C16C-91F5-4A4C-8E3F-4B72A6F0B9D9}.Debug|Any CPU.ActiveCfg = Debug|Any CPU
		{B0A1C16C-91F5-4A4C-8E3F-4B72A6F0B9D9}.Debug|Any CPU.Build.0 = Debug|Any CPU
		{B0A1C16C-91F5-4A4C-8E3F-4B72A6F0B9D9}.Release|Any CPU.ActiveCfg = Release|Any CPU
		{B0A1C16C-91F5-4A4C-8E3F-4B72A6F0B9D9}.Release|Any CPU.Build.0 = Release|Any CPU
	EndGlobalSection
	GlobalSection(SolutionProperties) = preSolution
		HideSolutionNode = FALSE
	EndGlobalSection
	GlobalSection(ExtensibilityGlobals) = postSolution
		SolutionGuid = {A84FCCEB-645F-442F-A8EC-A37B57FBB0DC}
	EndGlobalSection
EndGlobal
