
Microsoft Visual Studio Solution File, Format Version 12.00
# Visual Studio Version 17
VisualStudioVersion = 17.5.33627.172
MinimumVisualStudioVersion = 10.0.40219.1
Project("{FAE04EC0-301F-11D3-BF4B-00C04F79EFBC}") = "D8p2", "D8p2\D8p2.csproj", "{8305CC99-B566-49E6-B215-040CCDD3034C}"
EndProject
Global
	GlobalSection(SolutionConfigurationPlatforms) = preSolution
		Debug|Any CPU = Debug|Any CPU
		Release|Any CPU = Release|Any CPU
	EndGlobalSection
	GlobalSection(ProjectConfigurationPlatforms) = postSolution
		{8305CC99-B566-49E6-B215-040CCDD3034C}.Debug|Any CPU.ActiveCfg = Debug|Any CPU
		{8305CC99-B566-49E6-B215-040CCDD3034C}.Debug|Any CPU.Build.0 = Debug|Any CPU
		{8305CC99-B566-49E6-B215-040CCDD3034C}.Release|Any CPU.ActiveCfg = Release|Any CPU
		{8305CC99-B566-49E6-B215-040CCDD3034C}.Release|Any CPU.Build.0 = Release|Any CPU
	EndGlobalSection
	GlobalSection(SolutionProperties) = preSolution
		HideSolutionNode = FALSE
	EndGlobalSection
	GlobalSection(ExtensibilityGlobals) = postSolution
		SolutionGuid = {2A0C16AD-F363-48D4-A35A-B4C6CFFD67E9}
	EndGlobalSection
EndGlobal
