
Microsoft Visual Studio Solution File, Format Version 12.00
# Visual Studio Version 17
VisualStudioVersion = 17.5.33627.172
MinimumVisualStudioVersion = 10.0.40219.1
Project("{FAE04EC0-301F-11D3-BF4B-00C04F79EFBC}") = "D5A2", "D5A2\D5A2.csproj", "{F510C707-5835-41E1-9253-13B1907459F4}"
EndProject
Global
	GlobalSection(SolutionConfigurationPlatforms) = preSolution
		Debug|Any CPU = Debug|Any CPU
		Release|Any CPU = Release|Any CPU
	EndGlobalSection
	GlobalSection(ProjectConfigurationPlatforms) = postSolution
		{F510C707-5835-41E1-9253-13B1907459F4}.Debug|Any CPU.ActiveCfg = Debug|Any CPU
		{F510C707-5835-41E1-9253-13B1907459F4}.Debug|Any CPU.Build.0 = Debug|Any CPU
		{F510C707-5835-41E1-9253-13B1907459F4}.Release|Any CPU.ActiveCfg = Release|Any CPU
		{F510C707-5835-41E1-9253-13B1907459F4}.Release|Any CPU.Build.0 = Release|Any CPU
	EndGlobalSection
	GlobalSection(SolutionProperties) = preSolution
		HideSolutionNode = FALSE
	EndGlobalSection
	GlobalSection(ExtensibilityGlobals) = postSolution
		SolutionGuid = {E8433631-D028-48A8-90DE-E5CCBF0C0465}
	EndGlobalSection
EndGlobal
