
Microsoft Visual Studio Solution File, Format Version 12.00
# Visual Studio Version 17
VisualStudioVersion = 17.5.33627.172
MinimumVisualStudioVersion = 10.0.40219.1
Project("{FAE04EC0-301F-11D3-BF4B-00C04F79EFBC}") = "MagicBricks", "MagicBricks\MagicBricks.csproj", "{D4111BB6-128C-48F7-B23C-C1B56D6939C2}"
EndProject
Global
	GlobalSection(SolutionConfigurationPlatforms) = preSolution
		Debug|Any CPU = Debug|Any CPU
		Release|Any CPU = Release|Any CPU
	EndGlobalSection
	GlobalSection(ProjectConfigurationPlatforms) = postSolution
		{D4111BB6-128C-48F7-B23C-C1B56D6939C2}.Debug|Any CPU.ActiveCfg = Debug|Any CPU
		{D4111BB6-128C-48F7-B23C-C1B56D6939C2}.Debug|Any CPU.Build.0 = Debug|Any CPU
		{D4111BB6-128C-48F7-B23C-C1B56D6939C2}.Release|Any CPU.ActiveCfg = Release|Any CPU
		{D4111BB6-128C-48F7-B23C-C1B56D6939C2}.Release|Any CPU.Build.0 = Release|Any CPU
	EndGlobalSection
	GlobalSection(SolutionProperties) = preSolution
		HideSolutionNode = FALSE
	EndGlobalSection
	GlobalSection(ExtensibilityGlobals) = postSolution
		SolutionGuid = {D6EC3D2F-DC48-4211-A99C-F2CA824384CF}
	EndGlobalSection
EndGlobal
