
Microsoft Visual Studio Solution File, Format Version 12.00
# Visual Studio Version 17
VisualStudioVersion = 17.5.33627.172
MinimumVisualStudioVersion = 10.0.40219.1
Project("{FAE04EC0-301F-11D3-BF4B-00C04F79EFBC}") = "Api_2", "Api_2\Api_2.csproj", "{B3CE3EC0-8C2B-4371-A132-F6A5487F2044}"
EndProject
Global
	GlobalSection(SolutionConfigurationPlatforms) = preSolution
		Debug|Any CPU = Debug|Any CPU
		Release|Any CPU = Release|Any CPU
	EndGlobalSection
	GlobalSection(ProjectConfigurationPlatforms) = postSolution
		{B3CE3EC0-8C2B-4371-A132-F6A5487F2044}.Debug|Any CPU.ActiveCfg = Debug|Any CPU
		{B3CE3EC0-8C2B-4371-A132-F6A5487F2044}.Debug|Any CPU.Build.0 = Debug|Any CPU
		{B3CE3EC0-8C2B-4371-A132-F6A5487F2044}.Release|Any CPU.ActiveCfg = Release|Any CPU
		{B3CE3EC0-8C2B-4371-A132-F6A5487F2044}.Release|Any CPU.Build.0 = Release|Any CPU
	EndGlobalSection
	GlobalSection(SolutionProperties) = preSolution
		HideSolutionNode = FALSE
	EndGlobalSection
	GlobalSection(ExtensibilityGlobals) = postSolution
		SolutionGuid = {0275794B-27FA-49B6-8270-64868B371772}
	EndGlobalSection
EndGlobal
