
Microsoft Visual Studio Solution File, Format Version 12.00
# Visual Studio Version 17
VisualStudioVersion = 17.5.33627.172
MinimumVisualStudioVersion = 10.0.40219.1
Project("{FAE04EC0-301F-11D3-BF4B-00C04F79EFBC}") = "D4p1", "D4p1\D4p1.csproj", "{42090E2E-C4E2-4EDC-BC5A-49B2820A434A}"
EndProject
Global
	GlobalSection(SolutionConfigurationPlatforms) = preSolution
		Debug|Any CPU = Debug|Any CPU
		Release|Any CPU = Release|Any CPU
	EndGlobalSection
	GlobalSection(ProjectConfigurationPlatforms) = postSolution
		{42090E2E-C4E2-4EDC-BC5A-49B2820A434A}.Debug|Any CPU.ActiveCfg = Debug|Any CPU
		{42090E2E-C4E2-4EDC-BC5A-49B2820A434A}.Debug|Any CPU.Build.0 = Debug|Any CPU
		{42090E2E-C4E2-4EDC-BC5A-49B2820A434A}.Release|Any CPU.ActiveCfg = Release|Any CPU
		{42090E2E-C4E2-4EDC-BC5A-49B2820A434A}.Release|Any CPU.Build.0 = Release|Any CPU
	EndGlobalSection
	GlobalSection(SolutionProperties) = preSolution
		HideSolutionNode = FALSE
	EndGlobalSection
	GlobalSection(ExtensibilityGlobals) = postSolution
		SolutionGuid = {1F1F234C-5E46-4700-B1DF-1D2F75A9634C}
	EndGlobalSection
EndGlobal
