
Microsoft Visual Studio Solution File, Format Version 12.00
# Visual Studio Version 17
VisualStudioVersion = 17.5.33627.172
MinimumVisualStudioVersion = 10.0.40219.1
Project("{FAE04EC0-301F-11D3-BF4B-00C04F79EFBC}") = "Task1", "Task1\Task1.csproj", "{F24E8156-2AC1-494A-81B9-83D05D9DB794}"
EndProject
Global
	GlobalSection(SolutionConfigurationPlatforms) = preSolution
		Debug|Any CPU = Debug|Any CPU
		Release|Any CPU = Release|Any CPU
	EndGlobalSection
	GlobalSection(ProjectConfigurationPlatforms) = postSolution
		{F24E8156-2AC1-494A-81B9-83D05D9DB794}.Debug|Any CPU.ActiveCfg = Debug|Any CPU
		{F24E8156-2AC1-494A-81B9-83D05D9DB794}.Debug|Any CPU.Build.0 = Debug|Any CPU
		{F24E8156-2AC1-494A-81B9-83D05D9DB794}.Release|Any CPU.ActiveCfg = Release|Any CPU
		{F24E8156-2AC1-494A-81B9-83D05D9DB794}.Release|Any CPU.Build.0 = Release|Any CPU
	EndGlobalSection
	GlobalSection(SolutionProperties) = preSolution
		HideSolutionNode = FALSE
	EndGlobalSection
	GlobalSection(ExtensibilityGlobals) = postSolution
		SolutionGuid = {3A938A38-2F07-47B0-A9CC-B065D8A0EF57}
	EndGlobalSection
EndGlobal
